
Microsoft Visual Studio Solution File, Format Version 12.00
Project("{FAE04EC0-301F-11D3-BF4B-00C04F79EFBC}") = "Enviro365Assessment_Jnr_DOTNET", "Enviro365Assessment_Jnr_DOTNET\Enviro365Assessment_Jnr_DOTNET.csproj", "{95622BDB-55AD-4401-85C5-F8B5F418F754}"
EndProject
Global
	GlobalSection(SolutionConfigurationPlatforms) = preSolution
		Debug|Any CPU = Debug|Any CPU
		Release|Any CPU = Release|Any CPU
	EndGlobalSection
	GlobalSection(ProjectConfigurationPlatforms) = postSolution
		{95622BDB-55AD-4401-85C5-F8B5F418F754}.Debug|Any CPU.ActiveCfg = Debug|Any CPU
		{95622BDB-55AD-4401-85C5-F8B5F418F754}.Debug|Any CPU.Build.0 = Debug|Any CPU
		{95622BDB-55AD-4401-85C5-F8B5F418F754}.Release|Any CPU.ActiveCfg = Release|Any CPU
		{95622BDB-55AD-4401-85C5-F8B5F418F754}.Release|Any CPU.Build.0 = Release|Any CPU
	EndGlobalSection
EndGlobal
